<?xml version="1.0" encoding="utf-8"?>
<Project ToolsVersion="4.0" xmlns="http://schemas.microsoft.com/developer/msbuild/2003">
  <ItemGroup>
    <Filter Include="Source Files">
      <UniqueIdentifier>{0347216A-CA2E-4378-8C44-8539C22EE47C}</UniqueIdentifier>
      <Extensions>cxx</Extensions>
    </Filter>
    <Filter Include="Header Files">
      <UniqueIdentifier>{EEA5E942-4493-4517-8D9B-660178508331}</UniqueIdentifier>
      <Extensions>h;hxx;ixx;txx</Extensions>
    </Filter>
  </ItemGroup>
  <ItemGroup>
__header_filter_entries__(headers)
  </ItemGroup>
  <ItemGroup>
__source_filter_entries__(sources)
  </ItemGroup>
</Project>
